
Microsoft Visual Studio Solution File, Format Version 12.00
# Visual Studio Version 17
VisualStudioVersion = 17.5.33516.290
MinimumVisualStudioVersion = 10.0.40219.1
Project("{9A19103F-16F7-4668-BE54-9A1E7A4F7556}") = "ContactsApi", "ContactsApi\ContactsApi.csproj", "{72685E72-4688-49D0-AFC0-026823A785CD}"
EndProject
Project("{FAE04EC0-301F-11D3-BF4B-00C04F79EFBC}") = "Mablo", "Mablo\Mablo.csproj", "{EE256DED-0BC2-43AC-BF14-E7F6E9D76131}"
EndProject
Global
	GlobalSection(SolutionConfigurationPlatforms) = preSolution
		Debug|Any CPU = Debug|Any CPU
		Release|Any CPU = Release|Any CPU
	EndGlobalSection
	GlobalSection(ProjectConfigurationPlatforms) = postSolution
		{72685E72-4688-49D0-AFC0-026823A785CD}.Debug|Any CPU.ActiveCfg = Debug|Any CPU
		{72685E72-4688-49D0-AFC0-026823A785CD}.Debug|Any CPU.Build.0 = Debug|Any CPU
		{72685E72-4688-49D0-AFC0-026823A785CD}.Release|Any CPU.ActiveCfg = Release|Any CPU
		{72685E72-4688-49D0-AFC0-026823A785CD}.Release|Any CPU.Build.0 = Release|Any CPU
		{EE256DED-0BC2-43AC-BF14-E7F6E9D76131}.Debug|Any CPU.ActiveCfg = Debug|Any CPU
		{EE256DED-0BC2-43AC-BF14-E7F6E9D76131}.Debug|Any CPU.Build.0 = Debug|Any CPU
		{EE256DED-0BC2-43AC-BF14-E7F6E9D76131}.Release|Any CPU.ActiveCfg = Release|Any CPU
		{EE256DED-0BC2-43AC-BF14-E7F6E9D76131}.Release|Any CPU.Build.0 = Release|Any CPU
	EndGlobalSection
	GlobalSection(SolutionProperties) = preSolution
		HideSolutionNode = FALSE
	EndGlobalSection
	GlobalSection(ExtensibilityGlobals) = postSolution
		SolutionGuid = {D7AFA3D3-0840-4D28-8F27-B3182CE26B0C}
	EndGlobalSection
EndGlobal
